
Microsoft Visual Studio Solution File, Format Version 12.00
# Visual Studio Version 17
VisualStudioVersion = 17.5.33530.505
MinimumVisualStudioVersion = 10.0.40219.1
Project("{9A19103F-16F7-4668-BE54-9A1E7A4F7556}") = "Core", "Core\Core.csproj", "{D2283EBF-2744-47B3-BD0F-A72D320D0559}"
EndProject
Project("{9A19103F-16F7-4668-BE54-9A1E7A4F7556}") = "Service", "Service\Service.csproj", "{49BC72A0-ADF3-49B5-9945-4EE611210044}"
EndProject
Project("{FAE04EC0-301F-11D3-BF4B-00C04F79EFBC}") = "API", "API\API.csproj", "{AD0C4467-D236-4AB7-9580-13FEC5C952F6}"
EndProject
Global
	GlobalSection(SolutionConfigurationPlatforms) = preSolution
		Debug|Any CPU = Debug|Any CPU
		Release|Any CPU = Release|Any CPU
	EndGlobalSection
	GlobalSection(ProjectConfigurationPlatforms) = postSolution
		{D2283EBF-2744-47B3-BD0F-A72D320D0559}.Debug|Any CPU.ActiveCfg = Debug|Any CPU
		{D2283EBF-2744-47B3-BD0F-A72D320D0559}.Debug|Any CPU.Build.0 = Debug|Any CPU
		{D2283EBF-2744-47B3-BD0F-A72D320D0559}.Release|Any CPU.ActiveCfg = Release|Any CPU
		{D2283EBF-2744-47B3-BD0F-A72D320D0559}.Release|Any CPU.Build.0 = Release|Any CPU
		{49BC72A0-ADF3-49B5-9945-4EE611210044}.Debug|Any CPU.ActiveCfg = Debug|Any CPU
		{49BC72A0-ADF3-49B5-9945-4EE611210044}.Debug|Any CPU.Build.0 = Debug|Any CPU
		{49BC72A0-ADF3-49B5-9945-4EE611210044}.Release|Any CPU.ActiveCfg = Release|Any CPU
		{49BC72A0-ADF3-49B5-9945-4EE611210044}.Release|Any CPU.Build.0 = Release|Any CPU
		{AD0C4467-D236-4AB7-9580-13FEC5C952F6}.Debug|Any CPU.ActiveCfg = Debug|Any CPU
		{AD0C4467-D236-4AB7-9580-13FEC5C952F6}.Debug|Any CPU.Build.0 = Debug|Any CPU
		{AD0C4467-D236-4AB7-9580-13FEC5C952F6}.Release|Any CPU.ActiveCfg = Release|Any CPU
		{AD0C4467-D236-4AB7-9580-13FEC5C952F6}.Release|Any CPU.Build.0 = Release|Any CPU
	EndGlobalSection
	GlobalSection(SolutionProperties) = preSolution
		HideSolutionNode = FALSE
	EndGlobalSection
	GlobalSection(ExtensibilityGlobals) = postSolution
		SolutionGuid = {26DA64B6-98D4-47C9-B2C3-ABC6E3CEEE9D}
	EndGlobalSection
EndGlobal
